
Microsoft Visual Studio Solution File, Format Version 12.00
# Visual Studio Version 16
VisualStudioVersion = 16.0.30621.155
MinimumVisualStudioVersion = 10.0.40219.1
Project("{FAE04EC0-301F-11D3-BF4B-00C04F79EFBC}") = "ShopBot", "ShopBot\ShopBot.csproj", "{9CAC314F-71EC-4193-8C10-C8C58C683D2B}"
EndProject
Global
	GlobalSection(SolutionConfigurationPlatforms) = preSolution
		Debug|Any CPU = Debug|Any CPU
		Release|Any CPU = Release|Any CPU
	EndGlobalSection
	GlobalSection(ProjectConfigurationPlatforms) = postSolution
		{9CAC314F-71EC-4193-8C10-C8C58C683D2B}.Debug|Any CPU.ActiveCfg = Debug|Any CPU
		{9CAC314F-71EC-4193-8C10-C8C58C683D2B}.Debug|Any CPU.Build.0 = Debug|Any CPU
		{9CAC314F-71EC-4193-8C10-C8C58C683D2B}.Release|Any CPU.ActiveCfg = Release|Any CPU
		{9CAC314F-71EC-4193-8C10-C8C58C683D2B}.Release|Any CPU.Build.0 = Release|Any CPU
	EndGlobalSection
	GlobalSection(SolutionProperties) = preSolution
		HideSolutionNode = FALSE
	EndGlobalSection
	GlobalSection(ExtensibilityGlobals) = postSolution
		SolutionGuid = {80B8EBBD-F4D3-4CAE-9277-3B36770ED4F0}
	EndGlobalSection
EndGlobal
